
Microsoft Visual Studio Solution File, Format Version 12.00
# Visual Studio Version 16
VisualStudioVersion = 16.0.30523.141
MinimumVisualStudioVersion = 10.0.40219.1
Project("{FAE04EC0-301F-11D3-BF4B-00C04F79EFBC}") = "FuncWorks.Mono.XTiled", "FuncWorks.Mono.XTiled\FuncWorks.Mono.XTiled.csproj", "{59CDFE07-FCC3-4D7C-9EED-88DAE05AA76F}"
EndProject
Global
	GlobalSection(SolutionConfigurationPlatforms) = preSolution
		Debug|Any CPU = Debug|Any CPU
		Release|Any CPU = Release|Any CPU
	EndGlobalSection
	GlobalSection(ProjectConfigurationPlatforms) = postSolution
		{59CDFE07-FCC3-4D7C-9EED-88DAE05AA76F}.Debug|Any CPU.ActiveCfg = Debug|Any CPU
		{59CDFE07-FCC3-4D7C-9EED-88DAE05AA76F}.Debug|Any CPU.Build.0 = Debug|Any CPU
		{59CDFE07-FCC3-4D7C-9EED-88DAE05AA76F}.Release|Any CPU.ActiveCfg = Release|Any CPU
		{59CDFE07-FCC3-4D7C-9EED-88DAE05AA76F}.Release|Any CPU.Build.0 = Release|Any CPU
	EndGlobalSection
	GlobalSection(SolutionProperties) = preSolution
		HideSolutionNode = FALSE
	EndGlobalSection
	GlobalSection(ExtensibilityGlobals) = postSolution
		SolutionGuid = {A5939BEF-C6EF-43F6-A1C3-3ED4C86F50C1}
	EndGlobalSection
EndGlobal
